
Microsoft Visual Studio Solution File, Format Version 12.00
# Visual Studio Version 16
VisualStudioVersion = 16.0.31321.278
MinimumVisualStudioVersion = 10.0.40219.1
Project("{9A19103F-16F7-4668-BE54-9A1E7A4F7556}") = "SAPRamat", "SAPRamat.csproj", "{CF22D6D7-791D-496B-93A7-818EC3F3EAA3}"
EndProject
Global
	GlobalSection(SolutionConfigurationPlatforms) = preSolution
		Debug|Any CPU = Debug|Any CPU
		Release|Any CPU = Release|Any CPU
	EndGlobalSection
	GlobalSection(ProjectConfigurationPlatforms) = postSolution
		{CF22D6D7-791D-496B-93A7-818EC3F3EAA3}.Debug|Any CPU.ActiveCfg = Debug|Any CPU
		{CF22D6D7-791D-496B-93A7-818EC3F3EAA3}.Debug|Any CPU.Build.0 = Debug|Any CPU
		{CF22D6D7-791D-496B-93A7-818EC3F3EAA3}.Release|Any CPU.ActiveCfg = Release|Any CPU
		{CF22D6D7-791D-496B-93A7-818EC3F3EAA3}.Release|Any CPU.Build.0 = Release|Any CPU
	EndGlobalSection
	GlobalSection(SolutionProperties) = preSolution
		HideSolutionNode = FALSE
	EndGlobalSection
	GlobalSection(ExtensibilityGlobals) = postSolution
		SolutionGuid = {BC181AAB-E9D0-4592-8070-6E652D3302BA}
	EndGlobalSection
EndGlobal
